// !$*UTF8*$!
{
	archiveVersion = 1;
	classes = {
	};
	objectVersion = 52;
	objects = {

/* Begin PBXBuildFile section */
		BF667F7E247E3481000450F9 /* AppDelegate.swift in Sources */ = {isa = PBXBuildFile; fileRef = BF667F7D247E3481000450F9 /* AppDelegate.swift */; };
		BF667F80247E3481000450F9 /* SceneDelegate.swift in Sources */ = {isa = PBXBuildFile; fileRef = BF667F7F247E3481000450F9 /* SceneDelegate.swift */; };
		BF667F82247E3481000450F9 /* ContentView.swift in Sources */ = {isa = PBXBuildFile; fileRef = BF667F81247E3481000450F9 /* ContentView.swift */; };
		BF667F84247E3482000450F9 /* Assets.xcassets in Resources */ = {isa = PBXBuildFile; fileRef = BF667F83247E3482000450F9 /* Assets.xcassets */; };
		BF667F87247E3482000450F9 /* Preview Assets.xcassets in Resources */ = {isa = PBXBuildFile; fileRef = BF667F86247E3482000450F9 /* Preview Assets.xcassets */; };
		BF667F8A247E3482000450F9 /* LaunchScreen.storyboard in Resources */ = {isa = PBXBuildFile; fileRef = BF667F88247E3482000450F9 /* LaunchScreen.storyboard */; };
		BF667F94247E3594000450F9 /* ComposableArchitecture in Frameworks */ = {isa = PBXBuildFile; productRef = BF667F93247E3594000450F9 /* ComposableArchitecture */; };
		BFFB5DAD247FA94000E18727 /* EvolutionState.swift in Sources */ = {isa = PBXBuildFile; fileRef = BFFB5DAC247FA94000E18727 /* EvolutionState.swift */; };
		BFFB5DAF247FA99000E18727 /* Evolution.swift in Sources */ = {isa = PBXBuildFile; fileRef = BFFB5DAE247FA99000E18727 /* Evolution.swift */; };
		BFFB5DB1247FAA7B00E18727 /* EvolutionReducer.swift in Sources */ = {isa = PBXBuildFile; fileRef = BFFB5DB0247FAA7B00E18727 /* EvolutionReducer.swift */; };
		BFFB5DB3247FAAB000E18727 /* EvolutionAction.swift in Sources */ = {isa = PBXBuildFile; fileRef = BFFB5DB2247FAAB000E18727 /* EvolutionAction.swift */; };
		BFFB5DB5247FAFD700E18727 /* EvolutionEnvironment.swift in Sources */ = {isa = PBXBuildFile; fileRef = BFFB5DB4247FAFD700E18727 /* EvolutionEnvironment.swift */; };
/* End PBXBuildFile section */

/* Begin PBXFileReference section */
		BF667F7A247E3481000450F9 /* uzimaru.app */ = {isa = PBXFileReference; explicitFileType = wrapper.application; includeInIndex = 0; path = uzimaru.app; sourceTree = BUILT_PRODUCTS_DIR; };
		BF667F7D247E3481000450F9 /* AppDelegate.swift */ = {isa = PBXFileReference; lastKnownFileType = sourcecode.swift; path = AppDelegate.swift; sourceTree = "<group>"; };
		BF667F7F247E3481000450F9 /* SceneDelegate.swift */ = {isa = PBXFileReference; lastKnownFileType = sourcecode.swift; path = SceneDelegate.swift; sourceTree = "<group>"; };
		BF667F81247E3481000450F9 /* ContentView.swift */ = {isa = PBXFileReference; lastKnownFileType = sourcecode.swift; path = ContentView.swift; sourceTree = "<group>"; };
		BF667F83247E3482000450F9 /* Assets.xcassets */ = {isa = PBXFileReference; lastKnownFileType = folder.assetcatalog; path = Assets.xcassets; sourceTree = "<group>"; };
		BF667F86247E3482000450F9 /* Preview Assets.xcassets */ = {isa = PBXFileReference; lastKnownFileType = folder.assetcatalog; path = "Preview Assets.xcassets"; sourceTree = "<group>"; };
		BF667F89247E3482000450F9 /* Base */ = {isa = PBXFileReference; lastKnownFileType = file.storyboard; name = Base; path = Base.lproj/LaunchScreen.storyboard; sourceTree = "<group>"; };
		BF667F8B247E3482000450F9 /* Info.plist */ = {isa = PBXFileReference; lastKnownFileType = text.plist.xml; path = Info.plist; sourceTree = "<group>"; };
		BFFB5DAC247FA94000E18727 /* EvolutionState.swift */ = {isa = PBXFileReference; lastKnownFileType = sourcecode.swift; path = EvolutionState.swift; sourceTree = "<group>"; };
		BFFB5DAE247FA99000E18727 /* Evolution.swift */ = {isa = PBXFileReference; lastKnownFileType = sourcecode.swift; path = Evolution.swift; sourceTree = "<group>"; };
		BFFB5DB0247FAA7B00E18727 /* EvolutionReducer.swift */ = {isa = PBXFileReference; lastKnownFileType = sourcecode.swift; path = EvolutionReducer.swift; sourceTree = "<group>"; };
		BFFB5DB2247FAAB000E18727 /* EvolutionAction.swift */ = {isa = PBXFileReference; lastKnownFileType = sourcecode.swift; path = EvolutionAction.swift; sourceTree = "<group>"; };
		BFFB5DB4247FAFD700E18727 /* EvolutionEnvironment.swift */ = {isa = PBXFileReference; lastKnownFileType = sourcecode.swift; path = EvolutionEnvironment.swift; sourceTree = "<group>"; };
/* End PBXFileReference section */

/* Begin PBXFrameworksBuildPhase section */
		BF667F77247E3481000450F9 /* Frameworks */ = {
			isa = PBXFrameworksBuildPhase;
			buildActionMask = 2147483647;
			files = (
				BF667F94247E3594000450F9 /* ComposableArchitecture in Frameworks */,
			);
			runOnlyForDeploymentPostprocessing = 0;
		};
/* End PBXFrameworksBuildPhase section */

/* Begin PBXGroup section */
		BF667F71247E3481000450F9 = {
			isa = PBXGroup;
			children = (
				BF667F7C247E3481000450F9 /* uzimaru-evolution */,
				BF667F7B247E3481000450F9 /* Products */,
			);
			sourceTree = "<group>";
		};
		BF667F7B247E3481000450F9 /* Products */ = {
			isa = PBXGroup;
			children = (
				BF667F7A247E3481000450F9 /* uzimaru.app */,
			);
			name = Products;
			sourceTree = "<group>";
		};
		BF667F7C247E3481000450F9 /* uzimaru-evolution */ = {
			isa = PBXGroup;
			children = (
				BF667F7D247E3481000450F9 /* AppDelegate.swift */,
				BF667F7F247E3481000450F9 /* SceneDelegate.swift */,
				BF667F81247E3481000450F9 /* ContentView.swift */,
				BF667F83247E3482000450F9 /* Assets.xcassets */,
				BF667F88247E3482000450F9 /* LaunchScreen.storyboard */,
				BF667F8B247E3482000450F9 /* Info.plist */,
				BF667F85247E3482000450F9 /* Preview Content */,
				BFFB5DAE247FA99000E18727 /* Evolution.swift */,
				BFFB5DB2247FAAB000E18727 /* EvolutionAction.swift */,
				BFFB5DB4247FAFD700E18727 /* EvolutionEnvironment.swift */,
				BFFB5DB0247FAA7B00E18727 /* EvolutionReducer.swift */,
				BFFB5DAC247FA94000E18727 /* EvolutionState.swift */,
			);
			path = "uzimaru-evolution";
			sourceTree = "<group>";
		};
		BF667F85247E3482000450F9 /* Preview Content */ = {
			isa = PBXGroup;
			children = (
				BF667F86247E3482000450F9 /* Preview Assets.xcassets */,
			);
			path = "Preview Content";
			sourceTree = "<group>";
		};
/* End PBXGroup section */

/* Begin PBXNativeTarget section */
		BF667F79247E3481000450F9 /* uzimaru-evolution */ = {
			isa = PBXNativeTarget;
			buildConfigurationList = BF667F8E247E3482000450F9 /* Build configuration list for PBXNativeTarget "uzimaru-evolution" */;
			buildPhases = (
				BF667F76247E3481000450F9 /* Sources */,
				BF667F77247E3481000450F9 /* Frameworks */,
				BF667F78247E3481000450F9 /* Resources */,
			);
			buildRules = (
			);
			dependencies = (
			);
			name = "uzimaru-evolution";
			packageProductDependencies = (
				BF667F93247E3594000450F9 /* ComposableArchitecture */,
			);
			productName = "uzimaru-evolution";
			productReference = BF667F7A247E3481000450F9 /* uzimaru.app */;
			productType = "com.apple.product-type.application";
		};
/* End PBXNativeTarget section */

/* Begin PBXProject section */
		BF667F72247E3481000450F9 /* Project object */ = {
			isa = PBXProject;
			attributes = {
				LastSwiftUpdateCheck = 1150;
				LastUpgradeCheck = 1150;
				ORGANIZATIONNAME = "ry-itto";
				TargetAttributes = {
					BF667F79247E3481000450F9 = {
						CreatedOnToolsVersion = 11.5;
					};
				};
			};
			buildConfigurationList = BF667F75247E3481000450F9 /* Build configuration list for PBXProject "uzimaru-evolution" */;
			compatibilityVersion = "Xcode 9.3";
			developmentRegion = en;
			hasScannedForEncodings = 0;
			knownRegions = (
				en,
				Base,
			);
			mainGroup = BF667F71247E3481000450F9;
			packageReferences = (
				BF667F92247E3594000450F9 /* XCRemoteSwiftPackageReference "swift-composable-architecture" */,
			);
			productRefGroup = BF667F7B247E3481000450F9 /* Products */;
			projectDirPath = "";
			projectRoot = "";
			targets = (
				BF667F79247E3481000450F9 /* uzimaru-evolution */,
			);
		};
/* End PBXProject section */

/* Begin PBXResourcesBuildPhase section */
		BF667F78247E3481000450F9 /* Resources */ = {
			isa = PBXResourcesBuildPhase;
			buildActionMask = 2147483647;
			files = (
				BF667F8A247E3482000450F9 /* LaunchScreen.storyboard in Resources */,
				BF667F87247E3482000450F9 /* Preview Assets.xcassets in Resources */,
				BF667F84247E3482000450F9 /* Assets.xcassets in Resources */,
			);
			runOnlyForDeploymentPostprocessing = 0;
		};
/* End PBXResourcesBuildPhase section */

/* Begin PBXSourcesBuildPhase section */
		BF667F76247E3481000450F9 /* Sources */ = {
			isa = PBXSourcesBuildPhase;
			buildActionMask = 2147483647;
			files = (
				BFFB5DB3247FAAB000E18727 /* EvolutionAction.swift in Sources */,
				BFFB5DB1247FAA7B00E18727 /* EvolutionReducer.swift in Sources */,
				BF667F7E247E3481000450F9 /* AppDelegate.swift in Sources */,
				BFFB5DAD247FA94000E18727 /* EvolutionState.swift in Sources */,
				BF667F80247E3481000450F9 /* SceneDelegate.swift in Sources */,
				BFFB5DAF247FA99000E18727 /* Evolution.swift in Sources */,
				BF667F82247E3481000450F9 /* ContentView.swift in Sources */,
				BFFB5DB5247FAFD700E18727 /* EvolutionEnvironment.swift in Sources */,
			);
			runOnlyForDeploymentPostprocessing = 0;
		};
/* End PBXSourcesBuildPhase section */

/* Begin PBXVariantGroup section */
		BF667F88247E3482000450F9 /* LaunchScreen.storyboard */ = {
			isa = PBXVariantGroup;
			children = (
				BF667F89247E3482000450F9 /* Base */,
			);
			name = LaunchScreen.storyboard;
			sourceTree = "<group>";
		};
/* End PBXVariantGroup section */

/* Begin XCBuildConfiguration section */
		BF667F8C247E3482000450F9 /* Debug */ = {
			isa = XCBuildConfiguration;
			buildSettings = {
				ALWAYS_SEARCH_USER_PATHS = NO;
				CLANG_ANALYZER_NONNULL = YES;
				CLANG_ANALYZER_NUMBER_OBJECT_CONVERSION = YES_AGGRESSIVE;
				CLANG_CXX_LANGUAGE_STANDARD = "gnu++14";
				CLANG_CXX_LIBRARY = "libc++";
				CLANG_ENABLE_MODULES = YES;
				CLANG_ENABLE_OBJC_ARC = YES;
				CLANG_ENABLE_OBJC_WEAK = YES;
				CLANG_WARN_BLOCK_CAPTURE_AUTORELEASING = YES;
				CLANG_WARN_BOOL_CONVERSION = YES;
				CLANG_WARN_COMMA = YES;
				CLANG_WARN_CONSTANT_CONVERSION = YES;
				CLANG_WARN_DEPRECATED_OBJC_IMPLEMENTATIONS = YES;
				CLANG_WARN_DIRECT_OBJC_ISA_USAGE = YES_ERROR;
				CLANG_WARN_DOCUMENTATION_COMMENTS = YES;
				CLANG_WARN_EMPTY_BODY = YES;
				CLANG_WARN_ENUM_CONVERSION = YES;
				CLANG_WARN_INFINITE_RECURSION = YES;
				CLANG_WARN_INT_CONVERSION = YES;
				CLANG_WARN_NON_LITERAL_NULL_CONVERSION = YES;
				CLANG_WARN_OBJC_IMPLICIT_RETAIN_SELF = YES;
				CLANG_WARN_OBJC_LITERAL_CONVERSION = YES;
				CLANG_WARN_OBJC_ROOT_CLASS = YES_ERROR;
				CLANG_WARN_RANGE_LOOP_ANALYSIS = YES;
				CLANG_WARN_STRICT_PROTOTYPES = YES;
				CLANG_WARN_SUSPICIOUS_MOVE = YES;
				CLANG_WARN_UNGUARDED_AVAILABILITY = YES_AGGRESSIVE;
				CLANG_WARN_UNREACHABLE_CODE = YES;
				CLANG_WARN__DUPLICATE_METHOD_MATCH = YES;
				COPY_PHASE_STRIP = NO;
				DEBUG_INFORMATION_FORMAT = dwarf;
				ENABLE_STRICT_OBJC_MSGSEND = YES;
				ENABLE_TESTABILITY = YES;
				GCC_C_LANGUAGE_STANDARD = gnu11;
				GCC_DYNAMIC_NO_PIC = NO;
				GCC_NO_COMMON_BLOCKS = YES;
				GCC_OPTIMIZATION_LEVEL = 0;
				GCC_PREPROCESSOR_DEFINITIONS = (
					"DEBUG=1",
					"$(inherited)",
				);
				GCC_WARN_64_TO_32_BIT_CONVERSION = YES;
				GCC_WARN_ABOUT_RETURN_TYPE = YES_ERROR;
				GCC_WARN_UNDECLARED_SELECTOR = YES;
				GCC_WARN_UNINITIALIZED_AUTOS = YES_AGGRESSIVE;
				GCC_WARN_UNUSED_FUNCTION = YES;
				GCC_WARN_UNUSED_VARIABLE = YES;
				IPHONEOS_DEPLOYMENT_TARGET = 13.5;
				MTL_ENABLE_DEBUG_INFO = INCLUDE_SOURCE;
				MTL_FAST_MATH = YES;
				ONLY_ACTIVE_ARCH = YES;
				SDKROOT = iphoneos;
				SWIFT_ACTIVE_COMPILATION_CONDITIONS = DEBUG;
				SWIFT_OPTIMIZATION_LEVEL = "-Onone";
			};
			name = Debug;
		};
		BF667F8D247E3482000450F9 /* Release */ = {
			isa = XCBuildConfiguration;
			buildSettings = {
				ALWAYS_SEARCH_USER_PATHS = NO;
				CLANG_ANALYZER_NONNULL = YES;
				CLANG_ANALYZER_NUMBER_OBJECT_CONVERSION = YES_AGGRESSIVE;
				CLANG_CXX_LANGUAGE_STANDARD = "gnu++14";
				CLANG_CXX_LIBRARY = "libc++";
				CLANG_ENABLE_MODULES = YES;
				CLANG_ENABLE_OBJC_ARC = YES;
				CLANG_ENABLE_OBJC_WEAK = YES;
				CLANG_WARN_BLOCK_CAPTURE_AUTORELEASING = YES;
				CLANG_WARN_BOOL_CONVERSION = YES;
				CLANG_WARN_COMMA = YES;
				CLANG_WARN_CONSTANT_CONVERSION = YES;
				CLANG_WARN_DEPRECATED_OBJC_IMPLEMENTATIONS = YES;
				CLANG_WARN_DIRECT_OBJC_ISA_USAGE = YES_ERROR;
				CLANG_WARN_DOCUMENTATION_COMMENTS = YES;
				CLANG_WARN_EMPTY_BODY = YES;
				CLANG_WARN_ENUM_CONVERSION = YES;
				CLANG_WARN_INFINITE_RECURSION = YES;
				CLANG_WARN_INT_CONVERSION = YES;
				CLANG_WARN_NON_LITERAL_NULL_CONVERSION = YES;
				CLANG_WARN_OBJC_IMPLICIT_RETAIN_SELF = YES;
				CLANG_WARN_OBJC_LITERAL_CONVERSION = YES;
				CLANG_WARN_OBJC_ROOT_CLASS = YES_ERROR;
				CLANG_WARN_RANGE_LOOP_ANALYSIS = YES;
				CLANG_WARN_STRICT_PROTOTYPES = YES;
				CLANG_WARN_SUSPICIOUS_MOVE = YES;
				CLANG_WARN_UNGUARDED_AVAILABILITY = YES_AGGRESSIVE;
				CLANG_WARN_UNREACHABLE_CODE = YES;
				CLANG_WARN__DUPLICATE_METHOD_MATCH = YES;
				COPY_PHASE_STRIP = NO;
				DEBUG_INFORMATION_FORMAT = "dwarf-with-dsym";
				ENABLE_NS_ASSERTIONS = NO;
				ENABLE_STRICT_OBJC_MSGSEND = YES;
				GCC_C_LANGUAGE_STANDARD = gnu11;
				GCC_NO_COMMON_BLOCKS = YES;
				GCC_WARN_64_TO_32_BIT_CONVERSION = YES;
				GCC_WARN_ABOUT_RETURN_TYPE = YES_ERROR;
				GCC_WARN_UNDECLARED_SELECTOR = YES;
				GCC_WARN_UNINITIALIZED_AUTOS = YES_AGGRESSIVE;
				GCC_WARN_UNUSED_FUNCTION = YES;
				GCC_WARN_UNUSED_VARIABLE = YES;
				IPHONEOS_DEPLOYMENT_TARGET = 13.5;
				MTL_ENABLE_DEBUG_INFO = NO;
				MTL_FAST_MATH = YES;
				SDKROOT = iphoneos;
				SWIFT_COMPILATION_MODE = wholemodule;
				SWIFT_OPTIMIZATION_LEVEL = "-O";
				VALIDATE_PRODUCT = YES;
			};
			name = Release;
		};
		BF667F8F247E3482000450F9 /* Debug */ = {
			isa = XCBuildConfiguration;
			buildSettings = {
				ASSETCATALOG_COMPILER_APPICON_NAME = AppIcon;
				CODE_SIGN_STYLE = Automatic;
				DEVELOPMENT_ASSET_PATHS = "\"uzimaru-evolution/Preview Content\"";
				DEVELOPMENT_TEAM = DFY27HWN2G;
				ENABLE_PREVIEWS = YES;
				INFOPLIST_FILE = "uzimaru-evolution/Info.plist";
				LD_RUNPATH_SEARCH_PATHS = (
					"$(inherited)",
					"@executable_path/Frameworks",
				);
				PRODUCT_BUNDLE_IDENTIFIER = "ry-itto.uzimaru-evolution";
				PRODUCT_NAME = uzimaru;
				SWIFT_VERSION = 5.0;
				TARGETED_DEVICE_FAMILY = 1;
			};
			name = Debug;
		};
		BF667F90247E3482000450F9 /* Release */ = {
			isa = XCBuildConfiguration;
			buildSettings = {
				ASSETCATALOG_COMPILER_APPICON_NAME = AppIcon;
				CODE_SIGN_STYLE = Automatic;
				DEVELOPMENT_ASSET_PATHS = "\"uzimaru-evolution/Preview Content\"";
				DEVELOPMENT_TEAM = DFY27HWN2G;
				ENABLE_PREVIEWS = YES;
				INFOPLIST_FILE = "uzimaru-evolution/Info.plist";
				LD_RUNPATH_SEARCH_PATHS = (
					"$(inherited)",
					"@executable_path/Frameworks",
				);
				PRODUCT_BUNDLE_IDENTIFIER = "ry-itto.uzimaru-evolution";
				PRODUCT_NAME = uzimaru;
				SWIFT_VERSION = 5.0;
				TARGETED_DEVICE_FAMILY = 1;
			};
			name = Release;
		};
/* End XCBuildConfiguration section */

/* Begin XCConfigurationList section */
		BF667F75247E3481000450F9 /* Build configuration list for PBXProject "uzimaru-evolution" */ = {
			isa = XCConfigurationList;
			buildConfigurations = (
				BF667F8C247E3482000450F9 /* Debug */,
				BF667F8D247E3482000450F9 /* Release */,
			);
			defaultConfigurationIsVisible = 0;
			defaultConfigurationName = Release;
		};
		BF667F8E247E3482000450F9 /* Build configuration list for PBXNativeTarget "uzimaru-evolution" */ = {
			isa = XCConfigurationList;
			buildConfigurations = (
				BF667F8F247E3482000450F9 /* Debug */,
				BF667F90247E3482000450F9 /* Release */,
			);
			defaultConfigurationIsVisible = 0;
			defaultConfigurationName = Release;
		};
/* End XCConfigurationList section */

/* Begin XCRemoteSwiftPackageReference section */
		BF667F92247E3594000450F9 /* XCRemoteSwiftPackageReference "swift-composable-architecture" */ = {
			isa = XCRemoteSwiftPackageReference;
			repositoryURL = "https://github.com/pointfreeco/swift-composable-architecture.git";
			requirement = {
				kind = upToNextMajorVersion;
				minimumVersion = 0.2.0;
			};
		};
/* End XCRemoteSwiftPackageReference section */

/* Begin XCSwiftPackageProductDependency section */
		BF667F93247E3594000450F9 /* ComposableArchitecture */ = {
			isa = XCSwiftPackageProductDependency;
			package = BF667F92247E3594000450F9 /* XCRemoteSwiftPackageReference "swift-composable-architecture" */;
			productName = ComposableArchitecture;
		};
/* End XCSwiftPackageProductDependency section */
	};
	rootObject = BF667F72247E3481000450F9 /* Project object */;
}
